# This file is automatically @generated by Cargo.
# It is not intended for manual editing.
version = 4

[[package]]
name = "arkhe-c2pa-bridge"
version = "0.1.0"

[[package]]
name = "arkhe-core"
version = "0.1.0"

[[package]]
name = "arkhe-eu-ai-act"
version = "0.1.0"

[[package]]
name = "arkhe-light-shed-detect"
version = "0.1.0"

[[package]]
name = "arkhe-provenance-llm"
version = "0.1.0"

[[package]]
name = "arkhe-provenance-mcp"
version = "0.1.0"

[[package]]
name = "arkhe-royalty-verify"
version = "0.1.0"

[[package]]
name = "arkhe-verify"
version = "0.1.0"

[[package]]
name = "arkhe-watermark-llm"
version = "0.1.0"

[[package]]
name = "circle-gateway"
version = "0.1.0"

[[package]]
name = "wormhole-ntt"
version = "0.1.0"
